
Microsoft Visual Studio Solution File, Format Version 12.00
# Visual Studio 2012
Project("{FAE04EC0-301F-11D3-BF4B-00C04F79EFBC}") = "FK_Valor_CMS", "FK_Valor_CMS\FK_Valor_CMS.csproj", "{987C45C0-3056-4EF7-A972-D6563B2765E7}"
EndProject
Project("{FAE04EC0-301F-11D3-BF4B-00C04F79EFBC}") = "FK Valor Theme", "FK Valor Theme\FK Valor Theme.csproj", "{E86E2590-FD63-4B41-A07C-37E769078D1E}"
EndProject
Global
	GlobalSection(SolutionConfigurationPlatforms) = preSolution
		Debug|Any CPU = Debug|Any CPU
		Release|Any CPU = Release|Any CPU
	EndGlobalSection
	GlobalSection(ProjectConfigurationPlatforms) = postSolution
		{987C45C0-3056-4EF7-A972-D6563B2765E7}.Debug|Any CPU.ActiveCfg = Debug|Any CPU
		{987C45C0-3056-4EF7-A972-D6563B2765E7}.Debug|Any CPU.Build.0 = Debug|Any CPU
		{987C45C0-3056-4EF7-A972-D6563B2765E7}.Release|Any CPU.ActiveCfg = Release|Any CPU
		{987C45C0-3056-4EF7-A972-D6563B2765E7}.Release|Any CPU.Build.0 = Release|Any CPU
		{E86E2590-FD63-4B41-A07C-37E769078D1E}.Debug|Any CPU.ActiveCfg = Debug|Any CPU
		{E86E2590-FD63-4B41-A07C-37E769078D1E}.Debug|Any CPU.Build.0 = Debug|Any CPU
		{E86E2590-FD63-4B41-A07C-37E769078D1E}.Release|Any CPU.ActiveCfg = Release|Any CPU
		{E86E2590-FD63-4B41-A07C-37E769078D1E}.Release|Any CPU.Build.0 = Release|Any CPU
	EndGlobalSection
EndGlobal
